
Microsoft Visual Studio Solution File, Format Version 12.00
# Visual Studio Version 17
VisualStudioVersion = 17.3.32804.467
MinimumVisualStudioVersion = 10.0.40219.1
Project("{FAE04EC0-301F-11D3-BF4B-00C04F79EFBC}") = "RegistrationApp", "RegistrationApp\RegistrationApp.csproj", "{41163E36-43E4-4706-87D4-312595CDFF16}"
EndProject
Global
	GlobalSection(SolutionConfigurationPlatforms) = preSolution
		Debug|Any CPU = Debug|Any CPU
		Release|Any CPU = Release|Any CPU
	EndGlobalSection
	GlobalSection(ProjectConfigurationPlatforms) = postSolution
		{41163E36-43E4-4706-87D4-312595CDFF16}.Debug|Any CPU.ActiveCfg = Debug|Any CPU
		{41163E36-43E4-4706-87D4-312595CDFF16}.Debug|Any CPU.Build.0 = Debug|Any CPU
		{41163E36-43E4-4706-87D4-312595CDFF16}.Release|Any CPU.ActiveCfg = Release|Any CPU
		{41163E36-43E4-4706-87D4-312595CDFF16}.Release|Any CPU.Build.0 = Release|Any CPU
	EndGlobalSection
	GlobalSection(SolutionProperties) = preSolution
		HideSolutionNode = FALSE
	EndGlobalSection
	GlobalSection(ExtensibilityGlobals) = postSolution
		SolutionGuid = {CF827CC7-4012-4C43-8973-C175D8668490}
	EndGlobalSection
EndGlobal
